
Microsoft Visual Studio Solution File, Format Version 12.00
# Visual Studio Version 16
VisualStudioVersion = 16.0.33801.447
MinimumVisualStudioVersion = 10.0.40219.1
Project("{FAE04EC0-301F-11D3-BF4B-00C04F79EFBC}") = "WebAppDBComponent", "WebAppDBComponent\WebAppDBComponent.csproj", "{92ADD9BB-C606-4444-9A73-1DFB86D2EEF3}"
EndProject
Global
	GlobalSection(SolutionConfigurationPlatforms) = preSolution
		Debug|Any CPU = Debug|Any CPU
		Release|Any CPU = Release|Any CPU
	EndGlobalSection
	GlobalSection(ProjectConfigurationPlatforms) = postSolution
		{92ADD9BB-C606-4444-9A73-1DFB86D2EEF3}.Debug|Any CPU.ActiveCfg = Debug|Any CPU
		{92ADD9BB-C606-4444-9A73-1DFB86D2EEF3}.Debug|Any CPU.Build.0 = Debug|Any CPU
		{92ADD9BB-C606-4444-9A73-1DFB86D2EEF3}.Release|Any CPU.ActiveCfg = Release|Any CPU
		{92ADD9BB-C606-4444-9A73-1DFB86D2EEF3}.Release|Any CPU.Build.0 = Release|Any CPU
	EndGlobalSection
	GlobalSection(SolutionProperties) = preSolution
		HideSolutionNode = FALSE
	EndGlobalSection
	GlobalSection(ExtensibilityGlobals) = postSolution
		SolutionGuid = {B0E3A1CE-E731-4FCE-9141-8893BF0A67CE}
	EndGlobalSection
EndGlobal
