
Microsoft Visual Studio Solution File, Format Version 12.00
# Visual Studio Version 16
VisualStudioVersion = 16.0.33801.447
MinimumVisualStudioVersion = 10.0.40219.1
Project("{FAE04EC0-301F-11D3-BF4B-00C04F79EFBC}") = "WA_MicroProject_PL", "WA_MicroProject_PL\WA_MicroProject_PL.csproj", "{DB6FEB09-A402-44D8-B366-C33EAB2D43A1}"
EndProject
Project("{FAE04EC0-301F-11D3-BF4B-00C04F79EFBC}") = "CLib_MicroProject_BLL", "CLib_MicroProject_BLL\CLib_MicroProject_BLL.csproj", "{AC1CE229-B95B-463B-A876-9011FE988676}"
EndProject
Project("{FAE04EC0-301F-11D3-BF4B-00C04F79EFBC}") = "CLib_MicroProject_DAL", "CLib_MicroProject_DAL\CLib_MicroProject_DAL.csproj", "{4C462F47-1E35-4C06-840D-FADBCC6D9C81}"
EndProject
Project("{FAE04EC0-301F-11D3-BF4B-00C04F79EFBC}") = "CLib_MicroProject_CDL", "CLib_MicroProject_CDL\CLib_MicroProject_CDL.csproj", "{C0B5B00D-9068-4C91-ACC0-D8EBA62130C6}"
EndProject
Global
	GlobalSection(SolutionConfigurationPlatforms) = preSolution
		Debug|Any CPU = Debug|Any CPU
		Release|Any CPU = Release|Any CPU
	EndGlobalSection
	GlobalSection(ProjectConfigurationPlatforms) = postSolution
		{DB6FEB09-A402-44D8-B366-C33EAB2D43A1}.Debug|Any CPU.ActiveCfg = Debug|Any CPU
		{DB6FEB09-A402-44D8-B366-C33EAB2D43A1}.Debug|Any CPU.Build.0 = Debug|Any CPU
		{DB6FEB09-A402-44D8-B366-C33EAB2D43A1}.Release|Any CPU.ActiveCfg = Release|Any CPU
		{DB6FEB09-A402-44D8-B366-C33EAB2D43A1}.Release|Any CPU.Build.0 = Release|Any CPU
		{AC1CE229-B95B-463B-A876-9011FE988676}.Debug|Any CPU.ActiveCfg = Debug|Any CPU
		{AC1CE229-B95B-463B-A876-9011FE988676}.Debug|Any CPU.Build.0 = Debug|Any CPU
		{AC1CE229-B95B-463B-A876-9011FE988676}.Release|Any CPU.ActiveCfg = Release|Any CPU
		{AC1CE229-B95B-463B-A876-9011FE988676}.Release|Any CPU.Build.0 = Release|Any CPU
		{4C462F47-1E35-4C06-840D-FADBCC6D9C81}.Debug|Any CPU.ActiveCfg = Debug|Any CPU
		{4C462F47-1E35-4C06-840D-FADBCC6D9C81}.Debug|Any CPU.Build.0 = Debug|Any CPU
		{4C462F47-1E35-4C06-840D-FADBCC6D9C81}.Release|Any CPU.ActiveCfg = Release|Any CPU
		{4C462F47-1E35-4C06-840D-FADBCC6D9C81}.Release|Any CPU.Build.0 = Release|Any CPU
		{C0B5B00D-9068-4C91-ACC0-D8EBA62130C6}.Debug|Any CPU.ActiveCfg = Debug|Any CPU
		{C0B5B00D-9068-4C91-ACC0-D8EBA62130C6}.Debug|Any CPU.Build.0 = Debug|Any CPU
		{C0B5B00D-9068-4C91-ACC0-D8EBA62130C6}.Release|Any CPU.ActiveCfg = Release|Any CPU
		{C0B5B00D-9068-4C91-ACC0-D8EBA62130C6}.Release|Any CPU.Build.0 = Release|Any CPU
	EndGlobalSection
	GlobalSection(SolutionProperties) = preSolution
		HideSolutionNode = FALSE
	EndGlobalSection
	GlobalSection(ExtensibilityGlobals) = postSolution
		SolutionGuid = {3F6C2F75-BE70-43F8-8E4B-2240EC4FF783}
	EndGlobalSection
EndGlobal
